
Microsoft Visual Studio Solution File, Format Version 12.00
# Visual Studio Version 17
VisualStudioVersion = 17.5.33502.453
MinimumVisualStudioVersion = 10.0.40219.1
Project("{F184B08F-C81C-45F6-A57F-5ABD9991F28F}") = "CheckSheetSystem", "CheckSheetSystem.vbproj", "{B69B67C6-FF97-4795-9724-BDB5E4D3B243}"
EndProject
Global
	GlobalSection(SolutionConfigurationPlatforms) = preSolution
		Debug|Any CPU = Debug|Any CPU
		Release|Any CPU = Release|Any CPU
	EndGlobalSection
	GlobalSection(ProjectConfigurationPlatforms) = postSolution
		{B69B67C6-FF97-4795-9724-BDB5E4D3B243}.Debug|Any CPU.ActiveCfg = Debug|Any CPU
		{B69B67C6-FF97-4795-9724-BDB5E4D3B243}.Debug|Any CPU.Build.0 = Debug|Any CPU
		{B69B67C6-FF97-4795-9724-BDB5E4D3B243}.Release|Any CPU.ActiveCfg = Release|Any CPU
		{B69B67C6-FF97-4795-9724-BDB5E4D3B243}.Release|Any CPU.Build.0 = Release|Any CPU
	EndGlobalSection
	GlobalSection(SolutionProperties) = preSolution
		HideSolutionNode = FALSE
	EndGlobalSection
	GlobalSection(ExtensibilityGlobals) = postSolution
		SolutionGuid = {2916136D-C03D-4915-B9FB-61820C438C09}
	EndGlobalSection
EndGlobal
